
Microsoft Visual Studio Solution File, Format Version 12.00
# Visual Studio Version 17
VisualStudioVersion = 17.7.34009.444
MinimumVisualStudioVersion = 10.0.40219.1
Project("{FAE04EC0-301F-11D3-BF4B-00C04F79EFBC}") = "SRM.Api", "SRM.Api.csproj", "{8B066D84-3A6E-42EB-A137-7DDDE5CFC7FC}"
EndProject
Global
	GlobalSection(SolutionConfigurationPlatforms) = preSolution
		Debug|Any CPU = Debug|Any CPU
		Release|Any CPU = Release|Any CPU
	EndGlobalSection
	GlobalSection(ProjectConfigurationPlatforms) = postSolution
		{8B066D84-3A6E-42EB-A137-7DDDE5CFC7FC}.Debug|Any CPU.ActiveCfg = Debug|Any CPU
		{8B066D84-3A6E-42EB-A137-7DDDE5CFC7FC}.Debug|Any CPU.Build.0 = Debug|Any CPU
		{8B066D84-3A6E-42EB-A137-7DDDE5CFC7FC}.Release|Any CPU.ActiveCfg = Release|Any CPU
		{8B066D84-3A6E-42EB-A137-7DDDE5CFC7FC}.Release|Any CPU.Build.0 = Release|Any CPU
	EndGlobalSection
	GlobalSection(SolutionProperties) = preSolution
		HideSolutionNode = FALSE
	EndGlobalSection
	GlobalSection(ExtensibilityGlobals) = postSolution
		SolutionGuid = {3CCA3EAE-C045-4842-8020-10AC9408742A}
	EndGlobalSection
EndGlobal
